
Microsoft Visual Studio Solution File, Format Version 12.00
# Visual Studio Version 17
VisualStudioVersion = 17.8.34330.188
MinimumVisualStudioVersion = 10.0.40219.1
Project("{FAE04EC0-301F-11D3-BF4B-00C04F79EFBC}") = "MessManageMent", "MessManageMent\MessManageMent.csproj", "{EC4BE57F-2994-45F4-9785-874BA83B88B2}"
EndProject
Global
	GlobalSection(SolutionConfigurationPlatforms) = preSolution
		Debug|Any CPU = Debug|Any CPU
		Release|Any CPU = Release|Any CPU
	EndGlobalSection
	GlobalSection(ProjectConfigurationPlatforms) = postSolution
		{EC4BE57F-2994-45F4-9785-874BA83B88B2}.Debug|Any CPU.ActiveCfg = Debug|Any CPU
		{EC4BE57F-2994-45F4-9785-874BA83B88B2}.Debug|Any CPU.Build.0 = Debug|Any CPU
		{EC4BE57F-2994-45F4-9785-874BA83B88B2}.Release|Any CPU.ActiveCfg = Release|Any CPU
		{EC4BE57F-2994-45F4-9785-874BA83B88B2}.Release|Any CPU.Build.0 = Release|Any CPU
	EndGlobalSection
	GlobalSection(SolutionProperties) = preSolution
		HideSolutionNode = FALSE
	EndGlobalSection
	GlobalSection(ExtensibilityGlobals) = postSolution
		SolutionGuid = {F3226F74-31D8-47A5-9067-BF70AA199DE5}
	EndGlobalSection
EndGlobal
